// !$*UTF8*$!
{
	archiveVersion = 1;
	classes = {
	};
	objectVersion = 55;
	objects = {

/* Begin PBXBuildFile section */
		3411D06A289A84ED0093822B /* FolderView.swift in Sources */ = {isa = PBXBuildFile; fileRef = 3411D069289A84ED0093822B /* FolderView.swift */; };
		3411D06C289A947A0093822B /* AddNewFolder.swift in Sources */ = {isa = PBXBuildFile; fileRef = 3411D06B289A947A0093822B /* AddNewFolder.swift */; };
		3411D06E289AAA1B0093822B /* TodoListView.swift in Sources */ = {isa = PBXBuildFile; fileRef = 3411D06D289AAA1B0093822B /* TodoListView.swift */; };
		3411D070289AB1E40093822B /* AddNewTodo.swift in Sources */ = {isa = PBXBuildFile; fileRef = 3411D06F289AB1E40093822B /* AddNewTodo.swift */; };
		34CF98372895BE02009D70A6 /* 1_WatchTaskApp WatchKit App.app in Embed Watch Content */ = {isa = PBXBuildFile; fileRef = 34CF98362895BE02009D70A6 /* 1_WatchTaskApp WatchKit App.app */; settings = {ATTRIBUTES = (RemoveHeadersOnCopy, ); }; };
		34CF983C2895BE03009D70A6 /* Assets.xcassets in Resources */ = {isa = PBXBuildFile; fileRef = 34CF983B2895BE03009D70A6 /* Assets.xcassets */; };
		34CF98422895BE03009D70A6 /* 1_WatchTaskApp WatchKit Extension.appex in Embed App Extensions */ = {isa = PBXBuildFile; fileRef = 34CF98412895BE03009D70A6 /* 1_WatchTaskApp WatchKit Extension.appex */; settings = {ATTRIBUTES = (RemoveHeadersOnCopy, ); }; };
		34CF98472895BE03009D70A6 /* __WatchTaskAppApp.swift in Sources */ = {isa = PBXBuildFile; fileRef = 34CF98462895BE03009D70A6 /* __WatchTaskAppApp.swift */; };
		34CF98492895BE03009D70A6 /* ContentView.swift in Sources */ = {isa = PBXBuildFile; fileRef = 34CF98482895BE03009D70A6 /* ContentView.swift */; };
		34CF984B2895BE03009D70A6 /* NotificationController.swift in Sources */ = {isa = PBXBuildFile; fileRef = 34CF984A2895BE03009D70A6 /* NotificationController.swift */; };
		34CF984D2895BE03009D70A6 /* NotificationView.swift in Sources */ = {isa = PBXBuildFile; fileRef = 34CF984C2895BE03009D70A6 /* NotificationView.swift */; };
		34CF984F2895BE03009D70A6 /* ComplicationController.swift in Sources */ = {isa = PBXBuildFile; fileRef = 34CF984E2895BE03009D70A6 /* ComplicationController.swift */; };
		34CF98512895BE03009D70A6 /* Assets.xcassets in Resources */ = {isa = PBXBuildFile; fileRef = 34CF98502895BE03009D70A6 /* Assets.xcassets */; };
		34CF98542895BE03009D70A6 /* Preview Assets.xcassets in Resources */ = {isa = PBXBuildFile; fileRef = 34CF98532895BE03009D70A6 /* Preview Assets.xcassets */; };
		34CF986A289666C3009D70A6 /* doit.xcdatamodeld in Sources */ = {isa = PBXBuildFile; fileRef = 34CF9868289666C3009D70A6 /* doit.xcdatamodeld */; };
		34E177FB2896DA18001D0D2B /* PersistentController.swift in Sources */ = {isa = PBXBuildFile; fileRef = 34E177FA2896DA18001D0D2B /* PersistentController.swift */; };
/* End PBXBuildFile section */

/* Begin PBXContainerItemProxy section */
		34CF98382895BE02009D70A6 /* PBXContainerItemProxy */ = {
			isa = PBXContainerItemProxy;
			containerPortal = 34CF982C2895BE02009D70A6 /* Project object */;
			proxyType = 1;
			remoteGlobalIDString = 34CF98352895BE02009D70A6;
			remoteInfo = "1_WatchTaskApp WatchKit App";
		};
		34CF98432895BE03009D70A6 /* PBXContainerItemProxy */ = {
			isa = PBXContainerItemProxy;
			containerPortal = 34CF982C2895BE02009D70A6 /* Project object */;
			proxyType = 1;
			remoteGlobalIDString = 34CF98402895BE03009D70A6;
			remoteInfo = "1_WatchTaskApp WatchKit Extension";
		};
/* End PBXContainerItemProxy section */

/* Begin PBXCopyFilesBuildPhase section */
		34CF985C2895BE03009D70A6 /* Embed App Extensions */ = {
			isa = PBXCopyFilesBuildPhase;
			buildActionMask = 2147483647;
			dstPath = "";
			dstSubfolderSpec = 13;
			files = (
				34CF98422895BE03009D70A6 /* 1_WatchTaskApp WatchKit Extension.appex in Embed App Extensions */,
			);
			name = "Embed App Extensions";
			runOnlyForDeploymentPostprocessing = 0;
		};
		34CF98602895BE03009D70A6 /* Embed Watch Content */ = {
			isa = PBXCopyFilesBuildPhase;
			buildActionMask = 2147483647;
			dstPath = "$(CONTENTS_FOLDER_PATH)/Watch";
			dstSubfolderSpec = 16;
			files = (
				34CF98372895BE02009D70A6 /* 1_WatchTaskApp WatchKit App.app in Embed Watch Content */,
			);
			name = "Embed Watch Content";
			runOnlyForDeploymentPostprocessing = 0;
		};
/* End PBXCopyFilesBuildPhase section */

/* Begin PBXFileReference section */
		3411D069289A84ED0093822B /* FolderView.swift */ = {isa = PBXFileReference; lastKnownFileType = sourcecode.swift; path = FolderView.swift; sourceTree = "<group>"; };
		3411D06B289A947A0093822B /* AddNewFolder.swift */ = {isa = PBXFileReference; lastKnownFileType = sourcecode.swift; path = AddNewFolder.swift; sourceTree = "<group>"; };
		3411D06D289AAA1B0093822B /* TodoListView.swift */ = {isa = PBXFileReference; lastKnownFileType = sourcecode.swift; path = TodoListView.swift; sourceTree = "<group>"; };
		3411D06F289AB1E40093822B /* AddNewTodo.swift */ = {isa = PBXFileReference; lastKnownFileType = sourcecode.swift; path = AddNewTodo.swift; sourceTree = "<group>"; };
		34CF98322895BE02009D70A6 /* 1_WatchTaskApp.app */ = {isa = PBXFileReference; explicitFileType = wrapper.application; includeInIndex = 0; path = 1_WatchTaskApp.app; sourceTree = BUILT_PRODUCTS_DIR; };
		34CF98362895BE02009D70A6 /* 1_WatchTaskApp WatchKit App.app */ = {isa = PBXFileReference; explicitFileType = wrapper.application; includeInIndex = 0; path = "1_WatchTaskApp WatchKit App.app"; sourceTree = BUILT_PRODUCTS_DIR; };
		34CF983B2895BE03009D70A6 /* Assets.xcassets */ = {isa = PBXFileReference; lastKnownFileType = folder.assetcatalog; path = Assets.xcassets; sourceTree = "<group>"; };
		34CF98412895BE03009D70A6 /* 1_WatchTaskApp WatchKit Extension.appex */ = {isa = PBXFileReference; explicitFileType = "wrapper.app-extension"; includeInIndex = 0; path = "1_WatchTaskApp WatchKit Extension.appex"; sourceTree = BUILT_PRODUCTS_DIR; };
		34CF98462895BE03009D70A6 /* __WatchTaskAppApp.swift */ = {isa = PBXFileReference; lastKnownFileType = sourcecode.swift; path = __WatchTaskAppApp.swift; sourceTree = "<group>"; };
		34CF98482895BE03009D70A6 /* ContentView.swift */ = {isa = PBXFileReference; lastKnownFileType = sourcecode.swift; path = ContentView.swift; sourceTree = "<group>"; };
		34CF984A2895BE03009D70A6 /* NotificationController.swift */ = {isa = PBXFileReference; lastKnownFileType = sourcecode.swift; path = NotificationController.swift; sourceTree = "<group>"; };
		34CF984C2895BE03009D70A6 /* NotificationView.swift */ = {isa = PBXFileReference; lastKnownFileType = sourcecode.swift; path = NotificationView.swift; sourceTree = "<group>"; };
		34CF984E2895BE03009D70A6 /* ComplicationController.swift */ = {isa = PBXFileReference; lastKnownFileType = sourcecode.swift; path = ComplicationController.swift; sourceTree = "<group>"; };
		34CF98502895BE03009D70A6 /* Assets.xcassets */ = {isa = PBXFileReference; lastKnownFileType = folder.assetcatalog; path = Assets.xcassets; sourceTree = "<group>"; };
		34CF98532895BE03009D70A6 /* Preview Assets.xcassets */ = {isa = PBXFileReference; lastKnownFileType = folder.assetcatalog; path = "Preview Assets.xcassets"; sourceTree = "<group>"; };
		34CF98552895BE03009D70A6 /* Info.plist */ = {isa = PBXFileReference; lastKnownFileType = text.plist.xml; path = Info.plist; sourceTree = "<group>"; };
		34CF98562895BE03009D70A6 /* PushNotificationPayload.apns */ = {isa = PBXFileReference; lastKnownFileType = text; path = PushNotificationPayload.apns; sourceTree = "<group>"; };
		34CF9869289666C3009D70A6 /* doit.xcdatamodel */ = {isa = PBXFileReference; lastKnownFileType = wrapper.xcdatamodel; path = doit.xcdatamodel; sourceTree = "<group>"; };
		34E177FA2896DA18001D0D2B /* PersistentController.swift */ = {isa = PBXFileReference; lastKnownFileType = sourcecode.swift; path = PersistentController.swift; sourceTree = "<group>"; };
/* End PBXFileReference section */

/* Begin PBXFrameworksBuildPhase section */
		34CF983E2895BE03009D70A6 /* Frameworks */ = {
			isa = PBXFrameworksBuildPhase;
			buildActionMask = 2147483647;
			files = (
			);
			runOnlyForDeploymentPostprocessing = 0;
		};
/* End PBXFrameworksBuildPhase section */

/* Begin PBXGroup section */
		34CF982B2895BE02009D70A6 = {
			isa = PBXGroup;
			children = (
				34CF983A2895BE02009D70A6 /* 1_WatchTaskApp WatchKit App */,
				34CF98452895BE03009D70A6 /* 1_WatchTaskApp WatchKit Extension */,
				34CF98332895BE02009D70A6 /* Products */,
			);
			sourceTree = "<group>";
		};
		34CF98332895BE02009D70A6 /* Products */ = {
			isa = PBXGroup;
			children = (
				34CF98322895BE02009D70A6 /* 1_WatchTaskApp.app */,
				34CF98362895BE02009D70A6 /* 1_WatchTaskApp WatchKit App.app */,
				34CF98412895BE03009D70A6 /* 1_WatchTaskApp WatchKit Extension.appex */,
			);
			name = Products;
			sourceTree = "<group>";
		};
		34CF983A2895BE02009D70A6 /* 1_WatchTaskApp WatchKit App */ = {
			isa = PBXGroup;
			children = (
				34CF983B2895BE03009D70A6 /* Assets.xcassets */,
			);
			path = "1_WatchTaskApp WatchKit App";
			sourceTree = "<group>";
		};
		34CF98452895BE03009D70A6 /* 1_WatchTaskApp WatchKit Extension */ = {
			isa = PBXGroup;
			children = (
				34CF986528965D7C009D70A6 /* DB */,
				34CF986428965C3C009D70A6 /* Views */,
				34CF98462895BE03009D70A6 /* __WatchTaskAppApp.swift */,
				34CF98482895BE03009D70A6 /* ContentView.swift */,
				34CF984A2895BE03009D70A6 /* NotificationController.swift */,
				34CF984C2895BE03009D70A6 /* NotificationView.swift */,
				34CF984E2895BE03009D70A6 /* ComplicationController.swift */,
				34CF98502895BE03009D70A6 /* Assets.xcassets */,
				34CF98552895BE03009D70A6 /* Info.plist */,
				34CF98562895BE03009D70A6 /* PushNotificationPayload.apns */,
				34CF98522895BE03009D70A6 /* Preview Content */,
			);
			path = "1_WatchTaskApp WatchKit Extension";
			sourceTree = "<group>";
		};
		34CF98522895BE03009D70A6 /* Preview Content */ = {
			isa = PBXGroup;
			children = (
				34CF98532895BE03009D70A6 /* Preview Assets.xcassets */,
			);
			path = "Preview Content";
			sourceTree = "<group>";
		};
		34CF986428965C3C009D70A6 /* Views */ = {
			isa = PBXGroup;
			children = (
				34CF986728965DB7009D70A6 /* FolderView */,
				34CF986628965DB4009D70A6 /* TodoView */,
			);
			path = Views;
			sourceTree = "<group>";
		};
		34CF986528965D7C009D70A6 /* DB */ = {
			isa = PBXGroup;
			children = (
				34CF9868289666C3009D70A6 /* doit.xcdatamodeld */,
				34E177FA2896DA18001D0D2B /* PersistentController.swift */,
			);
			path = DB;
			sourceTree = "<group>";
		};
		34CF986628965DB4009D70A6 /* TodoView */ = {
			isa = PBXGroup;
			children = (
				3411D06D289AAA1B0093822B /* TodoListView.swift */,
				3411D06F289AB1E40093822B /* AddNewTodo.swift */,
			);
			path = TodoView;
			sourceTree = "<group>";
		};
		34CF986728965DB7009D70A6 /* FolderView */ = {
			isa = PBXGroup;
			children = (
				3411D069289A84ED0093822B /* FolderView.swift */,
				3411D06B289A947A0093822B /* AddNewFolder.swift */,
			);
			path = FolderView;
			sourceTree = "<group>";
		};
/* End PBXGroup section */

/* Begin PBXNativeTarget section */
		34CF98312895BE02009D70A6 /* 1_WatchTaskApp */ = {
			isa = PBXNativeTarget;
			buildConfigurationList = 34CF98612895BE03009D70A6 /* Build configuration list for PBXNativeTarget "1_WatchTaskApp" */;
			buildPhases = (
				34CF98302895BE02009D70A6 /* Resources */,
				34CF98602895BE03009D70A6 /* Embed Watch Content */,
			);
			buildRules = (
			);
			dependencies = (
				34CF98392895BE02009D70A6 /* PBXTargetDependency */,
			);
			name = 1_WatchTaskApp;
			productName = 1_WatchTaskApp;
			productReference = 34CF98322895BE02009D70A6 /* 1_WatchTaskApp.app */;
			productType = "com.apple.product-type.application.watchapp2-container";
		};
		34CF98352895BE02009D70A6 /* 1_WatchTaskApp WatchKit App */ = {
			isa = PBXNativeTarget;
			buildConfigurationList = 34CF985D2895BE03009D70A6 /* Build configuration list for PBXNativeTarget "1_WatchTaskApp WatchKit App" */;
			buildPhases = (
				34CF98342895BE02009D70A6 /* Resources */,
				34CF985C2895BE03009D70A6 /* Embed App Extensions */,
			);
			buildRules = (
			);
			dependencies = (
				34CF98442895BE03009D70A6 /* PBXTargetDependency */,
			);
			name = "1_WatchTaskApp WatchKit App";
			productName = "1_WatchTaskApp WatchKit App";
			productReference = 34CF98362895BE02009D70A6 /* 1_WatchTaskApp WatchKit App.app */;
			productType = "com.apple.product-type.application.watchapp2";
		};
		34CF98402895BE03009D70A6 /* 1_WatchTaskApp WatchKit Extension */ = {
			isa = PBXNativeTarget;
			buildConfigurationList = 34CF98592895BE03009D70A6 /* Build configuration list for PBXNativeTarget "1_WatchTaskApp WatchKit Extension" */;
			buildPhases = (
				34CF983D2895BE03009D70A6 /* Sources */,
				34CF983E2895BE03009D70A6 /* Frameworks */,
				34CF983F2895BE03009D70A6 /* Resources */,
			);
			buildRules = (
			);
			dependencies = (
			);
			name = "1_WatchTaskApp WatchKit Extension";
			productName = "1_WatchTaskApp WatchKit Extension";
			productReference = 34CF98412895BE03009D70A6 /* 1_WatchTaskApp WatchKit Extension.appex */;
			productType = "com.apple.product-type.watchkit2-extension";
		};
/* End PBXNativeTarget section */

/* Begin PBXProject section */
		34CF982C2895BE02009D70A6 /* Project object */ = {
			isa = PBXProject;
			attributes = {
				BuildIndependentTargetsInParallel = 1;
				LastSwiftUpdateCheck = 1340;
				LastUpgradeCheck = 1340;
				TargetAttributes = {
					34CF98312895BE02009D70A6 = {
						CreatedOnToolsVersion = 13.4.1;
					};
					34CF98352895BE02009D70A6 = {
						CreatedOnToolsVersion = 13.4.1;
					};
					34CF98402895BE03009D70A6 = {
						CreatedOnToolsVersion = 13.4.1;
					};
				};
			};
			buildConfigurationList = 34CF982F2895BE02009D70A6 /* Build configuration list for PBXProject "1_WatchTaskApp" */;
			compatibilityVersion = "Xcode 13.0";
			developmentRegion = en;
			hasScannedForEncodings = 0;
			knownRegions = (
				en,
				Base,
			);
			mainGroup = 34CF982B2895BE02009D70A6;
			productRefGroup = 34CF98332895BE02009D70A6 /* Products */;
			projectDirPath = "";
			projectRoot = "";
			targets = (
				34CF98312895BE02009D70A6 /* 1_WatchTaskApp */,
				34CF98352895BE02009D70A6 /* 1_WatchTaskApp WatchKit App */,
				34CF98402895BE03009D70A6 /* 1_WatchTaskApp WatchKit Extension */,
			);
		};
/* End PBXProject section */

/* Begin PBXResourcesBuildPhase section */
		34CF98302895BE02009D70A6 /* Resources */ = {
			isa = PBXResourcesBuildPhase;
			buildActionMask = 2147483647;
			files = (
			);
			runOnlyForDeploymentPostprocessing = 0;
		};
		34CF98342895BE02009D70A6 /* Resources */ = {
			isa = PBXResourcesBuildPhase;
			buildActionMask = 2147483647;
			files = (
				34CF983C2895BE03009D70A6 /* Assets.xcassets in Resources */,
			);
			runOnlyForDeploymentPostprocessing = 0;
		};
		34CF983F2895BE03009D70A6 /* Resources */ = {
			isa = PBXResourcesBuildPhase;
			buildActionMask = 2147483647;
			files = (
				34CF98542895BE03009D70A6 /* Preview Assets.xcassets in Resources */,
				34CF98512895BE03009D70A6 /* Assets.xcassets in Resources */,
			);
			runOnlyForDeploymentPostprocessing = 0;
		};
/* End PBXResourcesBuildPhase section */

/* Begin PBXSourcesBuildPhase section */
		34CF983D2895BE03009D70A6 /* Sources */ = {
			isa = PBXSourcesBuildPhase;
			buildActionMask = 2147483647;
			files = (
				34CF984B2895BE03009D70A6 /* NotificationController.swift in Sources */,
				34E177FB2896DA18001D0D2B /* PersistentController.swift in Sources */,
				3411D070289AB1E40093822B /* AddNewTodo.swift in Sources */,
				3411D06A289A84ED0093822B /* FolderView.swift in Sources */,
				3411D06C289A947A0093822B /* AddNewFolder.swift in Sources */,
				3411D06E289AAA1B0093822B /* TodoListView.swift in Sources */,
				34CF98492895BE03009D70A6 /* ContentView.swift in Sources */,
				34CF984F2895BE03009D70A6 /* ComplicationController.swift in Sources */,
				34CF986A289666C3009D70A6 /* doit.xcdatamodeld in Sources */,
				34CF98472895BE03009D70A6 /* __WatchTaskAppApp.swift in Sources */,
				34CF984D2895BE03009D70A6 /* NotificationView.swift in Sources */,
			);
			runOnlyForDeploymentPostprocessing = 0;
		};
/* End PBXSourcesBuildPhase section */

/* Begin PBXTargetDependency section */
		34CF98392895BE02009D70A6 /* PBXTargetDependency */ = {
			isa = PBXTargetDependency;
			target = 34CF98352895BE02009D70A6 /* 1_WatchTaskApp WatchKit App */;
			targetProxy = 34CF98382895BE02009D70A6 /* PBXContainerItemProxy */;
		};
		34CF98442895BE03009D70A6 /* PBXTargetDependency */ = {
			isa = PBXTargetDependency;
			target = 34CF98402895BE03009D70A6 /* 1_WatchTaskApp WatchKit Extension */;
			targetProxy = 34CF98432895BE03009D70A6 /* PBXContainerItemProxy */;
		};
/* End PBXTargetDependency section */

/* Begin XCBuildConfiguration section */
		34CF98572895BE03009D70A6 /* Debug */ = {
			isa = XCBuildConfiguration;
			buildSettings = {
				ALWAYS_SEARCH_USER_PATHS = NO;
				CLANG_ANALYZER_NONNULL = YES;
				CLANG_ANALYZER_NUMBER_OBJECT_CONVERSION = YES_AGGRESSIVE;
				CLANG_CXX_LANGUAGE_STANDARD = "gnu++17";
				CLANG_ENABLE_MODULES = YES;
				CLANG_ENABLE_OBJC_ARC = YES;
				CLANG_ENABLE_OBJC_WEAK = YES;
				CLANG_WARN_BLOCK_CAPTURE_AUTORELEASING = YES;
				CLANG_WARN_BOOL_CONVERSION = YES;
				CLANG_WARN_COMMA = YES;
				CLANG_WARN_CONSTANT_CONVERSION = YES;
				CLANG_WARN_DEPRECATED_OBJC_IMPLEMENTATIONS = YES;
				CLANG_WARN_DIRECT_OBJC_ISA_USAGE = YES_ERROR;
				CLANG_WARN_DOCUMENTATION_COMMENTS = YES;
				CLANG_WARN_EMPTY_BODY = YES;
				CLANG_WARN_ENUM_CONVERSION = YES;
				CLANG_WARN_INFINITE_RECURSION = YES;
				CLANG_WARN_INT_CONVERSION = YES;
				CLANG_WARN_NON_LITERAL_NULL_CONVERSION = YES;
				CLANG_WARN_OBJC_IMPLICIT_RETAIN_SELF = YES;
				CLANG_WARN_OBJC_LITERAL_CONVERSION = YES;
				CLANG_WARN_OBJC_ROOT_CLASS = YES_ERROR;
				CLANG_WARN_QUOTED_INCLUDE_IN_FRAMEWORK_HEADER = YES;
				CLANG_WARN_RANGE_LOOP_ANALYSIS = YES;
				CLANG_WARN_STRICT_PROTOTYPES = YES;
				CLANG_WARN_SUSPICIOUS_MOVE = YES;
				CLANG_WARN_UNGUARDED_AVAILABILITY = YES_AGGRESSIVE;
				CLANG_WARN_UNREACHABLE_CODE = YES;
				CLANG_WARN__DUPLICATE_METHOD_MATCH = YES;
				COPY_PHASE_STRIP = NO;
				DEBUG_INFORMATION_FORMAT = dwarf;
				ENABLE_STRICT_OBJC_MSGSEND = YES;
				ENABLE_TESTABILITY = YES;
				GCC_C_LANGUAGE_STANDARD = gnu11;
				GCC_DYNAMIC_NO_PIC = NO;
				GCC_NO_COMMON_BLOCKS = YES;
				GCC_OPTIMIZATION_LEVEL = 0;
				GCC_PREPROCESSOR_DEFINITIONS = (
					"DEBUG=1",
					"$(inherited)",
				);
				GCC_WARN_64_TO_32_BIT_CONVERSION = YES;
				GCC_WARN_ABOUT_RETURN_TYPE = YES_ERROR;
				GCC_WARN_UNDECLARED_SELECTOR = YES;
				GCC_WARN_UNINITIALIZED_AUTOS = YES_AGGRESSIVE;
				GCC_WARN_UNUSED_FUNCTION = YES;
				GCC_WARN_UNUSED_VARIABLE = YES;
				MTL_ENABLE_DEBUG_INFO = INCLUDE_SOURCE;
				MTL_FAST_MATH = YES;
				ONLY_ACTIVE_ARCH = YES;
				SDKROOT = iphoneos;
				SWIFT_ACTIVE_COMPILATION_CONDITIONS = DEBUG;
				SWIFT_OPTIMIZATION_LEVEL = "-Onone";
			};
			name = Debug;
		};
		34CF98582895BE03009D70A6 /* Release */ = {
			isa = XCBuildConfiguration;
			buildSettings = {
				ALWAYS_SEARCH_USER_PATHS = NO;
				CLANG_ANALYZER_NONNULL = YES;
				CLANG_ANALYZER_NUMBER_OBJECT_CONVERSION = YES_AGGRESSIVE;
				CLANG_CXX_LANGUAGE_STANDARD = "gnu++17";
				CLANG_ENABLE_MODULES = YES;
				CLANG_ENABLE_OBJC_ARC = YES;
				CLANG_ENABLE_OBJC_WEAK = YES;
				CLANG_WARN_BLOCK_CAPTURE_AUTORELEASING = YES;
				CLANG_WARN_BOOL_CONVERSION = YES;
				CLANG_WARN_COMMA = YES;
				CLANG_WARN_CONSTANT_CONVERSION = YES;
				CLANG_WARN_DEPRECATED_OBJC_IMPLEMENTATIONS = YES;
				CLANG_WARN_DIRECT_OBJC_ISA_USAGE = YES_ERROR;
				CLANG_WARN_DOCUMENTATION_COMMENTS = YES;
				CLANG_WARN_EMPTY_BODY = YES;
				CLANG_WARN_ENUM_CONVERSION = YES;
				CLANG_WARN_INFINITE_RECURSION = YES;
				CLANG_WARN_INT_CONVERSION = YES;
				CLANG_WARN_NON_LITERAL_NULL_CONVERSION = YES;
				CLANG_WARN_OBJC_IMPLICIT_RETAIN_SELF = YES;
				CLANG_WARN_OBJC_LITERAL_CONVERSION = YES;
				CLANG_WARN_OBJC_ROOT_CLASS = YES_ERROR;
				CLANG_WARN_QUOTED_INCLUDE_IN_FRAMEWORK_HEADER = YES;
				CLANG_WARN_RANGE_LOOP_ANALYSIS = YES;
				CLANG_WARN_STRICT_PROTOTYPES = YES;
				CLANG_WARN_SUSPICIOUS_MOVE = YES;
				CLANG_WARN_UNGUARDED_AVAILABILITY = YES_AGGRESSIVE;
				CLANG_WARN_UNREACHABLE_CODE = YES;
				CLANG_WARN__DUPLICATE_METHOD_MATCH = YES;
				COPY_PHASE_STRIP = NO;
				DEBUG_INFORMATION_FORMAT = "dwarf-with-dsym";
				ENABLE_NS_ASSERTIONS = NO;
				ENABLE_STRICT_OBJC_MSGSEND = YES;
				GCC_C_LANGUAGE_STANDARD = gnu11;
				GCC_NO_COMMON_BLOCKS = YES;
				GCC_WARN_64_TO_32_BIT_CONVERSION = YES;
				GCC_WARN_ABOUT_RETURN_TYPE = YES_ERROR;
				GCC_WARN_UNDECLARED_SELECTOR = YES;
				GCC_WARN_UNINITIALIZED_AUTOS = YES_AGGRESSIVE;
				GCC_WARN_UNUSED_FUNCTION = YES;
				GCC_WARN_UNUSED_VARIABLE = YES;
				MTL_ENABLE_DEBUG_INFO = NO;
				MTL_FAST_MATH = YES;
				SDKROOT = iphoneos;
				SWIFT_COMPILATION_MODE = wholemodule;
				SWIFT_OPTIMIZATION_LEVEL = "-O";
				VALIDATE_PRODUCT = YES;
			};
			name = Release;
		};
		34CF985A2895BE03009D70A6 /* Debug */ = {
			isa = XCBuildConfiguration;
			buildSettings = {
				ASSETCATALOG_COMPILER_COMPLICATION_NAME = Complication;
				CODE_SIGN_STYLE = Automatic;
				CURRENT_PROJECT_VERSION = 1;
				DEVELOPMENT_ASSET_PATHS = "\"1_WatchTaskApp WatchKit Extension/Preview Content\"";
				DEVELOPMENT_TEAM = JPL38XBHJ4;
				ENABLE_PREVIEWS = YES;
				GENERATE_INFOPLIST_FILE = YES;
				INFOPLIST_FILE = "1_WatchTaskApp WatchKit Extension/Info.plist";
				INFOPLIST_KEY_CFBundleDisplayName = "1_WatchTaskApp WatchKit Extension";
				INFOPLIST_KEY_CLKComplicationPrincipalClass = "$(PRODUCT_MODULE_NAME).ComplicationController";
				INFOPLIST_KEY_NSHumanReadableCopyright = "";
				INFOPLIST_KEY_WKWatchOnly = YES;
				LD_RUNPATH_SEARCH_PATHS = (
					"$(inherited)",
					"@executable_path/Frameworks",
					"@executable_path/../../Frameworks",
				);
				MARKETING_VERSION = 1.0;
				PRODUCT_BUNDLE_IDENTIFIER = "com.led.--WatchTaskApp.watchkitapp.watchkitextension";
				PRODUCT_NAME = "${TARGET_NAME}";
				SDKROOT = watchos;
				SKIP_INSTALL = YES;
				SWIFT_EMIT_LOC_STRINGS = YES;
				SWIFT_VERSION = 5.0;
				TARGETED_DEVICE_FAMILY = 4;
				WATCHOS_DEPLOYMENT_TARGET = 8.5;
			};
			name = Debug;
		};
		34CF985B2895BE03009D70A6 /* Release */ = {
			isa = XCBuildConfiguration;
			buildSettings = {
				ASSETCATALOG_COMPILER_COMPLICATION_NAME = Complication;
				CODE_SIGN_STYLE = Automatic;
				CURRENT_PROJECT_VERSION = 1;
				DEVELOPMENT_ASSET_PATHS = "\"1_WatchTaskApp WatchKit Extension/Preview Content\"";
				DEVELOPMENT_TEAM = JPL38XBHJ4;
				ENABLE_PREVIEWS = YES;
				GENERATE_INFOPLIST_FILE = YES;
				INFOPLIST_FILE = "1_WatchTaskApp WatchKit Extension/Info.plist";
				INFOPLIST_KEY_CFBundleDisplayName = "1_WatchTaskApp WatchKit Extension";
				INFOPLIST_KEY_CLKComplicationPrincipalClass = "$(PRODUCT_MODULE_NAME).ComplicationController";
				INFOPLIST_KEY_NSHumanReadableCopyright = "";
				INFOPLIST_KEY_WKWatchOnly = YES;
				LD_RUNPATH_SEARCH_PATHS = (
					"$(inherited)",
					"@executable_path/Frameworks",
					"@executable_path/../../Frameworks",
				);
				MARKETING_VERSION = 1.0;
				PRODUCT_BUNDLE_IDENTIFIER = "com.led.--WatchTaskApp.watchkitapp.watchkitextension";
				PRODUCT_NAME = "${TARGET_NAME}";
				SDKROOT = watchos;
				SKIP_INSTALL = YES;
				SWIFT_EMIT_LOC_STRINGS = YES;
				SWIFT_VERSION = 5.0;
				TARGETED_DEVICE_FAMILY = 4;
				WATCHOS_DEPLOYMENT_TARGET = 8.5;
			};
			name = Release;
		};
		34CF985E2895BE03009D70A6 /* Debug */ = {
			isa = XCBuildConfiguration;
			buildSettings = {
				ALWAYS_EMBED_SWIFT_STANDARD_LIBRARIES = YES;
				ASSETCATALOG_COMPILER_APPICON_NAME = AppIcon;
				ASSETCATALOG_COMPILER_GLOBAL_ACCENT_COLOR_NAME = AccentColor;
				CODE_SIGN_STYLE = Automatic;
				CURRENT_PROJECT_VERSION = 1;
				DEVELOPMENT_TEAM = JPL38XBHJ4;
				GENERATE_INFOPLIST_FILE = YES;
				IBSC_MODULE = __WatchTaskApp_WatchKit_Extension;
				INFOPLIST_KEY_CFBundleDisplayName = "1_WatchTaskApp WatchKit App";
				INFOPLIST_KEY_UISupportedInterfaceOrientations = "UIInterfaceOrientationPortrait UIInterfaceOrientationPortraitUpsideDown";
				MARKETING_VERSION = 1.0;
				PRODUCT_BUNDLE_IDENTIFIER = "com.led.--WatchTaskApp.watchkitapp";
				PRODUCT_NAME = "$(TARGET_NAME)";
				SDKROOT = watchos;
				SKIP_INSTALL = YES;
				SWIFT_EMIT_LOC_STRINGS = YES;
				SWIFT_VERSION = 5.0;
				TARGETED_DEVICE_FAMILY = 4;
				WATCHOS_DEPLOYMENT_TARGET = 8.5;
			};
			name = Debug;
		};
		34CF985F2895BE03009D70A6 /* Release */ = {
			isa = XCBuildConfiguration;
			buildSettings = {
				ALWAYS_EMBED_SWIFT_STANDARD_LIBRARIES = YES;
				ASSETCATALOG_COMPILER_APPICON_NAME = AppIcon;
				ASSETCATALOG_COMPILER_GLOBAL_ACCENT_COLOR_NAME = AccentColor;
				CODE_SIGN_STYLE = Automatic;
				CURRENT_PROJECT_VERSION = 1;
				DEVELOPMENT_TEAM = JPL38XBHJ4;
				GENERATE_INFOPLIST_FILE = YES;
				IBSC_MODULE = __WatchTaskApp_WatchKit_Extension;
				INFOPLIST_KEY_CFBundleDisplayName = "1_WatchTaskApp WatchKit App";
				INFOPLIST_KEY_UISupportedInterfaceOrientations = "UIInterfaceOrientationPortrait UIInterfaceOrientationPortraitUpsideDown";
				MARKETING_VERSION = 1.0;
				PRODUCT_BUNDLE_IDENTIFIER = "com.led.--WatchTaskApp.watchkitapp";
				PRODUCT_NAME = "$(TARGET_NAME)";
				SDKROOT = watchos;
				SKIP_INSTALL = YES;
				SWIFT_EMIT_LOC_STRINGS = YES;
				SWIFT_VERSION = 5.0;
				TARGETED_DEVICE_FAMILY = 4;
				WATCHOS_DEPLOYMENT_TARGET = 8.5;
			};
			name = Release;
		};
		34CF98622895BE03009D70A6 /* Debug */ = {
			isa = XCBuildConfiguration;
			buildSettings = {
				CODE_SIGN_STYLE = Automatic;
				CURRENT_PROJECT_VERSION = 1;
				DEVELOPMENT_TEAM = JPL38XBHJ4;
				MARKETING_VERSION = 1.0;
				PRODUCT_BUNDLE_IDENTIFIER = "com.led.--WatchTaskApp";
				PRODUCT_NAME = "$(TARGET_NAME)";
				SWIFT_VERSION = 5.0;
			};
			name = Debug;
		};
		34CF98632895BE03009D70A6 /* Release */ = {
			isa = XCBuildConfiguration;
			buildSettings = {
				CODE_SIGN_STYLE = Automatic;
				CURRENT_PROJECT_VERSION = 1;
				DEVELOPMENT_TEAM = JPL38XBHJ4;
				MARKETING_VERSION = 1.0;
				PRODUCT_BUNDLE_IDENTIFIER = "com.led.--WatchTaskApp";
				PRODUCT_NAME = "$(TARGET_NAME)";
				SWIFT_VERSION = 5.0;
			};
			name = Release;
		};
/* End XCBuildConfiguration section */

/* Begin XCConfigurationList section */
		34CF982F2895BE02009D70A6 /* Build configuration list for PBXProject "1_WatchTaskApp" */ = {
			isa = XCConfigurationList;
			buildConfigurations = (
				34CF98572895BE03009D70A6 /* Debug */,
				34CF98582895BE03009D70A6 /* Release */,
			);
			defaultConfigurationIsVisible = 0;
			defaultConfigurationName = Release;
		};
		34CF98592895BE03009D70A6 /* Build configuration list for PBXNativeTarget "1_WatchTaskApp WatchKit Extension" */ = {
			isa = XCConfigurationList;
			buildConfigurations = (
				34CF985A2895BE03009D70A6 /* Debug */,
				34CF985B2895BE03009D70A6 /* Release */,
			);
			defaultConfigurationIsVisible = 0;
			defaultConfigurationName = Release;
		};
		34CF985D2895BE03009D70A6 /* Build configuration list for PBXNativeTarget "1_WatchTaskApp WatchKit App" */ = {
			isa = XCConfigurationList;
			buildConfigurations = (
				34CF985E2895BE03009D70A6 /* Debug */,
				34CF985F2895BE03009D70A6 /* Release */,
			);
			defaultConfigurationIsVisible = 0;
			defaultConfigurationName = Release;
		};
		34CF98612895BE03009D70A6 /* Build configuration list for PBXNativeTarget "1_WatchTaskApp" */ = {
			isa = XCConfigurationList;
			buildConfigurations = (
				34CF98622895BE03009D70A6 /* Debug */,
				34CF98632895BE03009D70A6 /* Release */,
			);
			defaultConfigurationIsVisible = 0;
			defaultConfigurationName = Release;
		};
/* End XCConfigurationList section */

/* Begin XCVersionGroup section */
		34CF9868289666C3009D70A6 /* doit.xcdatamodeld */ = {
			isa = XCVersionGroup;
			children = (
				34CF9869289666C3009D70A6 /* doit.xcdatamodel */,
			);
			currentVersion = 34CF9869289666C3009D70A6 /* doit.xcdatamodel */;
			path = doit.xcdatamodeld;
			sourceTree = "<group>";
			versionGroupType = wrapper.xcdatamodel;
		};
/* End XCVersionGroup section */
	};
	rootObject = 34CF982C2895BE02009D70A6 /* Project object */;
}
